
Microsoft Visual Studio Solution File, Format Version 12.00
# Visual Studio Version 16
VisualStudioVersion = 16.0.30204.135
MinimumVisualStudioVersion = 10.0.40219.1
Project("{FAE04EC0-301F-11D3-BF4B-00C04F79EFBC}") = "TesteCandidatoCEP.Domain", "TesteCandidatoCEP.Domain\TesteCandidatoCEP.Domain.csproj", "{B7852268-8DA9-4022-A905-DA7109722F1D}"
EndProject
Project("{FAE04EC0-301F-11D3-BF4B-00C04F79EFBC}") = "TesteCandidatoCEP.Repository", "TesteCandidatoCEP.Repository\TesteCandidatoCEP.Repository.csproj", "{BCFBA49E-E0D3-4C2B-808C-8B29C67D5C32}"
EndProject
Project("{FAE04EC0-301F-11D3-BF4B-00C04F79EFBC}") = "TesteCandidatoCEP.Business", "TesteCandidatoCEP.Business\TesteCandidatoCEP.Business.csproj", "{5B160578-1744-4BBD-96D2-B03302B7627A}"
EndProject
Project("{FAE04EC0-301F-11D3-BF4B-00C04F79EFBC}") = "TesteCandidatoCEP.DTO", "TesteCandidatoCEP.DTO\TesteCandidatoCEP.DTO.csproj", "{4256F1B8-8D78-416B-90BC-32F70A721FA4}"
EndProject
Project("{FAE04EC0-301F-11D3-BF4B-00C04F79EFBC}") = "TesteCandidatoCEP.WebApi", "TesteCandidatoCEP.WebApi\TesteCandidatoCEP.WebApi.csproj", "{DFA4516B-217A-4BC9-BD24-8632BE7B1B12}"
EndProject
Global
	GlobalSection(SolutionConfigurationPlatforms) = preSolution
		Debug|Any CPU = Debug|Any CPU
		Release|Any CPU = Release|Any CPU
	EndGlobalSection
	GlobalSection(ProjectConfigurationPlatforms) = postSolution
		{B7852268-8DA9-4022-A905-DA7109722F1D}.Debug|Any CPU.ActiveCfg = Debug|Any CPU
		{B7852268-8DA9-4022-A905-DA7109722F1D}.Debug|Any CPU.Build.0 = Debug|Any CPU
		{B7852268-8DA9-4022-A905-DA7109722F1D}.Release|Any CPU.ActiveCfg = Release|Any CPU
		{B7852268-8DA9-4022-A905-DA7109722F1D}.Release|Any CPU.Build.0 = Release|Any CPU
		{BCFBA49E-E0D3-4C2B-808C-8B29C67D5C32}.Debug|Any CPU.ActiveCfg = Debug|Any CPU
		{BCFBA49E-E0D3-4C2B-808C-8B29C67D5C32}.Debug|Any CPU.Build.0 = Debug|Any CPU
		{BCFBA49E-E0D3-4C2B-808C-8B29C67D5C32}.Release|Any CPU.ActiveCfg = Release|Any CPU
		{BCFBA49E-E0D3-4C2B-808C-8B29C67D5C32}.Release|Any CPU.Build.0 = Release|Any CPU
		{5B160578-1744-4BBD-96D2-B03302B7627A}.Debug|Any CPU.ActiveCfg = Debug|Any CPU
		{5B160578-1744-4BBD-96D2-B03302B7627A}.Debug|Any CPU.Build.0 = Debug|Any CPU
		{5B160578-1744-4BBD-96D2-B03302B7627A}.Release|Any CPU.ActiveCfg = Release|Any CPU
		{5B160578-1744-4BBD-96D2-B03302B7627A}.Release|Any CPU.Build.0 = Release|Any CPU
		{4256F1B8-8D78-416B-90BC-32F70A721FA4}.Debug|Any CPU.ActiveCfg = Debug|Any CPU
		{4256F1B8-8D78-416B-90BC-32F70A721FA4}.Debug|Any CPU.Build.0 = Debug|Any CPU
		{4256F1B8-8D78-416B-90BC-32F70A721FA4}.Release|Any CPU.ActiveCfg = Release|Any CPU
		{4256F1B8-8D78-416B-90BC-32F70A721FA4}.Release|Any CPU.Build.0 = Release|Any CPU
		{DFA4516B-217A-4BC9-BD24-8632BE7B1B12}.Debug|Any CPU.ActiveCfg = Debug|Any CPU
		{DFA4516B-217A-4BC9-BD24-8632BE7B1B12}.Debug|Any CPU.Build.0 = Debug|Any CPU
		{DFA4516B-217A-4BC9-BD24-8632BE7B1B12}.Release|Any CPU.ActiveCfg = Release|Any CPU
		{DFA4516B-217A-4BC9-BD24-8632BE7B1B12}.Release|Any CPU.Build.0 = Release|Any CPU
	EndGlobalSection
	GlobalSection(SolutionProperties) = preSolution
		HideSolutionNode = FALSE
	EndGlobalSection
	GlobalSection(ExtensibilityGlobals) = postSolution
		SolutionGuid = {B00DE5D0-650A-4F2E-9B0F-7792195D222D}
	EndGlobalSection
EndGlobal
